
Microsoft Visual Studio Solution File, Format Version 12.00
# Visual Studio Version 17
VisualStudioVersion = 17.14.36414.22 d17.14
MinimumVisualStudioVersion = 10.0.40219.1
Project("{FAE04EC0-301F-11D3-BF4B-00C04F79EFBC}") = "PLM_API", "PLM_API\PLM_API.csproj", "{414A527E-8CD5-4D94-8508-3D2628F7A4C3}"
EndProject
Global
	GlobalSection(SolutionConfigurationPlatforms) = preSolution
		Debug|Any CPU = Debug|Any CPU
		Release|Any CPU = Release|Any CPU
	EndGlobalSection
	GlobalSection(ProjectConfigurationPlatforms) = postSolution
		{414A527E-8CD5-4D94-8508-3D2628F7A4C3}.Debug|Any CPU.ActiveCfg = Debug|Any CPU
		{414A527E-8CD5-4D94-8508-3D2628F7A4C3}.Debug|Any CPU.Build.0 = Debug|Any CPU
		{414A527E-8CD5-4D94-8508-3D2628F7A4C3}.Release|Any CPU.ActiveCfg = Release|Any CPU
		{414A527E-8CD5-4D94-8508-3D2628F7A4C3}.Release|Any CPU.Build.0 = Release|Any CPU
	EndGlobalSection
	GlobalSection(SolutionProperties) = preSolution
		HideSolutionNode = FALSE
	EndGlobalSection
	GlobalSection(ExtensibilityGlobals) = postSolution
		SolutionGuid = {A699F8BE-F444-411F-9E31-8B570626DE21}
	EndGlobalSection
EndGlobal
